
Microsoft Visual Studio Solution File, Format Version 12.00
# Visual Studio Version 17
VisualStudioVersion = 17.14.36518.9 d17.14
MinimumVisualStudioVersion = 10.0.40219.1
Project("{FAE04EC0-301F-11D3-BF4B-00C04F79EFBC}") = "Hello-world", "Hello-world\Hello-world.csproj", "{A5E686B1-68CA-41A4-B341-E155E27EF2DF}"
EndProject
Global
	GlobalSection(SolutionConfigurationPlatforms) = preSolution
		Debug|Any CPU = Debug|Any CPU
		Release|Any CPU = Release|Any CPU
	EndGlobalSection
	GlobalSection(ProjectConfigurationPlatforms) = postSolution
		{A5E686B1-68CA-41A4-B341-E155E27EF2DF}.Debug|Any CPU.ActiveCfg = Debug|Any CPU
		{A5E686B1-68CA-41A4-B341-E155E27EF2DF}.Debug|Any CPU.Build.0 = Debug|Any CPU
		{A5E686B1-68CA-41A4-B341-E155E27EF2DF}.Release|Any CPU.ActiveCfg = Release|Any CPU
		{A5E686B1-68CA-41A4-B341-E155E27EF2DF}.Release|Any CPU.Build.0 = Release|Any CPU
	EndGlobalSection
	GlobalSection(SolutionProperties) = preSolution
		HideSolutionNode = FALSE
	EndGlobalSection
	GlobalSection(ExtensibilityGlobals) = postSolution
		SolutionGuid = {12ADBCEF-1DF4-46EB-BE1D-D770AA93F448}
	EndGlobalSection
EndGlobal
